{
  "version": 4,
  "terraform_version": "1.14.3",
  "serial": 19,
  "lineage": "43a96286-5d05-60fd-361a-29549941b2a9",
  "outputs": {
    "batch_compute_env_arn": {
      "value": "arn:aws:batch:us-east-1:035932132079:compute-environment/rnaseq-batch-env",
      "type": "string"
    },
    "s3_bucket_name": {
      "value": "rnaseq-pipeline-035932132079",
      "type": "string"
    }
  },
  "resources": [
    {
      "mode": "data",
      "type": "aws_caller_identity",
      "name": "current",
      "provider": "provider[\"registry.terraform.io/hashicorp/aws\"]",
      "instances": [
        {
          "schema_version": 0,
          "attributes": {
            "account_id": "035932132079",
            "arn": "arn:aws:iam::035932132079:user/AntaraAmazon",
            "id": "035932132079",
            "user_id": "AIDAQQXNY2LXRKCVW52HP"
          },
          "sensitive_attributes": [],
          "identity_schema_version": 0
        }
      ]
    },
    {
      "mode": "data",
      "type": "aws_subnets",
      "name": "default",
      "provider": "provider[\"registry.terraform.io/hashicorp/aws\"]",
      "instances": [
        {
          "schema_version": 0,
          "attributes": {
            "filter": [
              {
                "name": "vpc-id",
                "values": [
                  "vpc-04211b7944d022145"
                ]
              }
            ],
            "id": "us-east-1",
            "ids": [
              "subnet-052f17610956eb9be",
              "subnet-00acc4c19f7afd7f4",
              "subnet-04cae2f00a1bebac8",
              "subnet-0f959440c5a89ac0a",
              "subnet-08eefd12d51654564",
              "subnet-0838f14eb77bf53fd"
            ],
            "tags": null,
            "timeouts": null
          },
          "sensitive_attributes": [],
          "identity_schema_version": 0
        }
      ]
    },
    {
      "mode": "data",
      "type": "aws_vpc",
      "name": "default",
      "provider": "provider[\"registry.terraform.io/hashicorp/aws\"]",
      "instances": [
        {
          "schema_version": 0,
          "attributes": {
            "arn": "arn:aws:ec2:us-east-1:035932132079:vpc/vpc-04211b7944d022145",
            "cidr_block": "172.31.0.0/16",
            "cidr_block_associations": [
              {
                "association_id": "vpc-cidr-assoc-06657c54989c82d08",
                "cidr_block": "172.31.0.0/16",
                "state": "associated"
              }
            ],
            "default": true,
            "dhcp_options_id": "dopt-08cf8dd113847c465",
            "enable_dns_hostnames": true,
            "enable_dns_support": true,
            "enable_network_address_usage_metrics": false,
            "filter": null,
            "id": "vpc-04211b7944d022145",
            "instance_tenancy": "default",
            "ipv6_association_id": "",
            "ipv6_cidr_block": "",
            "main_route_table_id": "rtb-082036d0240c8a9ed",
            "owner_id": "035932132079",
            "state": null,
            "tags": {},
            "timeouts": null
          },
          "sensitive_attributes": [],
          "identity_schema_version": 0
        }
      ]
    },
    {
      "mode": "managed",
      "type": "aws_batch_compute_environment",
      "name": "rnaseq",
      "provider": "provider[\"registry.terraform.io/hashicorp/aws\"]",
      "instances": [
        {
          "schema_version": 0,
          "attributes": {
            "arn": "arn:aws:batch:us-east-1:035932132079:compute-environment/rnaseq-batch-env",
            "compute_environment_name": "rnaseq-batch-env",
            "compute_environment_name_prefix": "",
            "compute_resources": [
              {
                "allocation_strategy": "",
                "bid_percentage": 0,
                "desired_vcpus": 0,
                "ec2_configuration": [
                  {
                    "image_id_override": "",
                    "image_type": "ECS_AL2023"
                  }
                ],
                "ec2_key_pair": "",
                "image_id": "",
                "instance_role": "arn:aws:iam::035932132079:instance-profile/batch-instance-profile",
                "instance_type": [
                  "m5.large"
                ],
                "launch_template": [],
                "max_vcpus": 256,
                "min_vcpus": 0,
                "placement_group": "",
                "security_group_ids": [
                  "sg-077d59d33dc54e0f9"
                ],
                "spot_iam_fleet_role": "arn:aws:iam::035932132079:role/batch-spot-fleet-role",
                "subnets": [
                  "subnet-00acc4c19f7afd7f4",
                  "subnet-04cae2f00a1bebac8",
                  "subnet-052f17610956eb9be",
                  "subnet-0838f14eb77bf53fd",
                  "subnet-08eefd12d51654564",
                  "subnet-0f959440c5a89ac0a"
                ],
                "tags": {},
                "type": "SPOT"
              }
            ],
            "ecs_cluster_arn": "arn:aws:ecs:us-east-1:035932132079:cluster/rnaseq-batch-env_Batch_3a6c3052-4466-39db-9aa9-fc0cd18f786c",
            "eks_configuration": [],
            "id": "rnaseq-batch-env",
            "service_role": "arn:aws:iam::035932132079:role/batch-service-role",
            "state": "ENABLED",
            "status": "VALID",
            "status_reason": "ComputeEnvironment Healthy",
            "tags": {},
            "tags_all": {},
            "type": "MANAGED",
            "update_policy": []
          },
          "sensitive_attributes": [],
          "identity_schema_version": 0,
          "private": "bnVsbA==",
          "dependencies": [
            "aws_iam_instance_profile.batch_instance",
            "aws_iam_role.batch_instance_role",
            "aws_iam_role.batch_service_role",
            "aws_iam_role.spot_fleet_role",
            "aws_iam_role_policy_attachment.batch_instance_s3",
            "aws_iam_role_policy_attachment.batch_service_policy",
            "aws_iam_role_policy_attachment.spot_fleet_policy",
            "aws_security_group.batch",
            "data.aws_subnets.default",
            "data.aws_vpc.default"
          ]
        }
      ]
    },
    {
      "mode": "managed",
      "type": "aws_batch_job_queue",
      "name": "rnaseq",
      "provider": "provider[\"registry.terraform.io/hashicorp/aws\"]",
      "instances": [
        {
          "schema_version": 1,
          "attributes": {
            "arn": "arn:aws:batch:us-east-1:035932132079:job-queue/rnaseq-queue",
            "compute_environment_order": [
              {
                "compute_environment": "arn:aws:batch:us-east-1:035932132079:compute-environment/rnaseq-batch-env",
                "order": 1
              }
            ],
            "compute_environments": null,
            "id": "arn:aws:batch:us-east-1:035932132079:job-queue/rnaseq-queue",
            "job_state_time_limit_action": [],
            "name": "rnaseq-queue",
            "priority": 1,
            "scheduling_policy_arn": null,
            "state": "ENABLED",
            "tags": null,
            "tags_all": {},
            "timeouts": null
          },
          "sensitive_attributes": [],
          "identity_schema_version": 0,
          "dependencies": [
            "aws_batch_compute_environment.rnaseq",
            "aws_iam_instance_profile.batch_instance",
            "aws_iam_role.batch_instance_role",
            "aws_iam_role.batch_service_role",
            "aws_iam_role.spot_fleet_role",
            "aws_iam_role_policy_attachment.batch_instance_s3",
            "aws_iam_role_policy_attachment.batch_service_policy",
            "aws_iam_role_policy_attachment.spot_fleet_policy",
            "aws_security_group.batch",
            "data.aws_subnets.default",
            "data.aws_vpc.default"
          ]
        }
      ]
    },
    {
      "mode": "managed",
      "type": "aws_batch_job_queue",
      "name": "rnaseq_head",
      "provider": "provider[\"registry.terraform.io/hashicorp/aws\"]",
      "instances": [
        {
          "schema_version": 1,
          "attributes": {
            "arn": "arn:aws:batch:us-east-1:035932132079:job-queue/rnaseq-head-queue",
            "compute_environment_order": [
              {
                "compute_environment": "arn:aws:batch:us-east-1:035932132079:compute-environment/rnaseq-batch-env",
                "order": 1
              }
            ],
            "compute_environments": null,
            "id": "arn:aws:batch:us-east-1:035932132079:job-queue/rnaseq-head-queue",
            "job_state_time_limit_action": [],
            "name": "rnaseq-head-queue",
            "priority": 2,
            "scheduling_policy_arn": null,
            "state": "ENABLED",
            "tags": null,
            "tags_all": {},
            "timeouts": null
          },
          "sensitive_attributes": [],
          "identity_schema_version": 0,
          "dependencies": [
            "aws_batch_compute_environment.rnaseq",
            "aws_iam_instance_profile.batch_instance",
            "aws_iam_role.batch_instance_role",
            "aws_iam_role.batch_service_role",
            "aws_iam_role.spot_fleet_role",
            "aws_iam_role_policy_attachment.batch_instance_s3",
            "aws_iam_role_policy_attachment.batch_service_policy",
            "aws_iam_role_policy_attachment.spot_fleet_policy",
            "aws_security_group.batch",
            "data.aws_subnets.default",
            "data.aws_vpc.default"
          ]
        }
      ]
    },
    {
      "mode": "managed",
      "type": "aws_iam_instance_profile",
      "name": "batch_instance",
      "provider": "provider[\"registry.terraform.io/hashicorp/aws\"]",
      "instances": [
        {
          "schema_version": 0,
          "attributes": {
            "arn": "arn:aws:iam::035932132079:instance-profile/batch-instance-profile",
            "create_date": "2026-07-22T17:49:56Z",
            "id": "batch-instance-profile",
            "name": "batch-instance-profile",
            "name_prefix": "",
            "path": "/",
            "role": "batch-instance-role",
            "tags": {},
            "tags_all": {},
            "unique_id": "AIPAQQXNY2LX3RQAEISRJ"
          },
          "sensitive_attributes": [],
          "identity_schema_version": 0,
          "private": "bnVsbA==",
          "dependencies": [
            "aws_iam_role.batch_instance_role"
          ]
        }
      ]
    },
    {
      "mode": "managed",
      "type": "aws_iam_role",
      "name": "batch_instance_role",
      "provider": "provider[\"registry.terraform.io/hashicorp/aws\"]",
      "instances": [
        {
          "schema_version": 0,
          "attributes": {
            "arn": "arn:aws:iam::035932132079:role/batch-instance-role",
            "assume_role_policy": "{\"Statement\":[{\"Action\":\"sts:AssumeRole\",\"Effect\":\"Allow\",\"Principal\":{\"Service\":\"ec2.amazonaws.com\"}}],\"Version\":\"2012-10-17\"}",
            "create_date": "2026-07-22T17:49:56Z",
            "description": "",
            "force_detach_policies": false,
            "id": "batch-instance-role",
            "inline_policy": [],
            "managed_policy_arns": [
              "arn:aws:iam::aws:policy/AmazonS3FullAccess"
            ],
            "max_session_duration": 3600,
            "name": "batch-instance-role",
            "name_prefix": "",
            "path": "/",
            "permissions_boundary": "",
            "tags": {},
            "tags_all": {},
            "unique_id": "AROAQQXNY2LXRJWMTBZF4"
          },
          "sensitive_attributes": [],
          "identity_schema_version": 0,
          "private": "bnVsbA=="
        }
      ]
    },
    {
      "mode": "managed",
      "type": "aws_iam_role",
      "name": "batch_service_role",
      "provider": "provider[\"registry.terraform.io/hashicorp/aws\"]",
      "instances": [
        {
          "schema_version": 0,
          "attributes": {
            "arn": "arn:aws:iam::035932132079:role/batch-service-role",
            "assume_role_policy": "{\"Statement\":[{\"Action\":\"sts:AssumeRole\",\"Effect\":\"Allow\",\"Principal\":{\"Service\":\"batch.amazonaws.com\"}}],\"Version\":\"2012-10-17\"}",
            "create_date": "2026-07-22T17:49:56Z",
            "description": "",
            "force_detach_policies": false,
            "id": "batch-service-role",
            "inline_policy": [],
            "managed_policy_arns": [
              "arn:aws:iam::aws:policy/service-role/AWSBatchServiceRole"
            ],
            "max_session_duration": 3600,
            "name": "batch-service-role",
            "name_prefix": "",
            "path": "/",
            "permissions_boundary": "",
            "tags": {},
            "tags_all": {},
            "unique_id": "AROAQQXNY2LX6JMSTZ672"
          },
          "sensitive_attributes": [],
          "identity_schema_version": 0,
          "private": "bnVsbA=="
        }
      ]
    },
    {
      "mode": "managed",
      "type": "aws_iam_role",
      "name": "spot_fleet_role",
      "provider": "provider[\"registry.terraform.io/hashicorp/aws\"]",
      "instances": [
        {
          "schema_version": 0,
          "attributes": {
            "arn": "arn:aws:iam::035932132079:role/batch-spot-fleet-role",
            "assume_role_policy": "{\"Statement\":[{\"Action\":\"sts:AssumeRole\",\"Effect\":\"Allow\",\"Principal\":{\"Service\":\"spotfleet.amazonaws.com\"}}],\"Version\":\"2012-10-17\"}",
            "create_date": "2026-07-22T17:54:16Z",
            "description": "",
            "force_detach_policies": false,
            "id": "batch-spot-fleet-role",
            "inline_policy": [],
            "managed_policy_arns": [
              "arn:aws:iam::aws:policy/service-role/AmazonEC2SpotFleetTaggingRole"
            ],
            "max_session_duration": 3600,
            "name": "batch-spot-fleet-role",
            "name_prefix": "",
            "path": "/",
            "permissions_boundary": "",
            "tags": {},
            "tags_all": {},
            "unique_id": "AROAQQXNY2LX5X3HBL5E7"
          },
          "sensitive_attributes": [],
          "identity_schema_version": 0,
          "private": "bnVsbA=="
        }
      ]
    },
    {
      "mode": "managed",
      "type": "aws_iam_role_policy_attachment",
      "name": "batch_instance_s3",
      "provider": "provider[\"registry.terraform.io/hashicorp/aws\"]",
      "instances": [
        {
          "schema_version": 0,
          "attributes": {
            "id": "batch-instance-role-20260722174956790000000001",
            "policy_arn": "arn:aws:iam::aws:policy/AmazonS3FullAccess",
            "role": "batch-instance-role"
          },
          "sensitive_attributes": [],
          "identity_schema_version": 0,
          "private": "bnVsbA==",
          "dependencies": [
            "aws_iam_role.batch_instance_role"
          ]
        }
      ]
    },
    {
      "mode": "managed",
      "type": "aws_iam_role_policy_attachment",
      "name": "batch_service_policy",
      "provider": "provider[\"registry.terraform.io/hashicorp/aws\"]",
      "instances": [
        {
          "schema_version": 0,
          "attributes": {
            "id": "batch-service-role-20260722174956795700000002",
            "policy_arn": "arn:aws:iam::aws:policy/service-role/AWSBatchServiceRole",
            "role": "batch-service-role"
          },
          "sensitive_attributes": [],
          "identity_schema_version": 0,
          "private": "bnVsbA==",
          "dependencies": [
            "aws_iam_role.batch_service_role"
          ]
        }
      ]
    },
    {
      "mode": "managed",
      "type": "aws_iam_role_policy_attachment",
      "name": "spot_fleet_policy",
      "provider": "provider[\"registry.terraform.io/hashicorp/aws\"]",
      "instances": [
        {
          "schema_version": 0,
          "attributes": {
            "id": "batch-spot-fleet-role-20260722175417034700000001",
            "policy_arn": "arn:aws:iam::aws:policy/service-role/AmazonEC2SpotFleetTaggingRole",
            "role": "batch-spot-fleet-role"
          },
          "sensitive_attributes": [],
          "identity_schema_version": 0,
          "private": "bnVsbA==",
          "dependencies": [
            "aws_iam_role.spot_fleet_role"
          ]
        }
      ]
    },
    {
      "mode": "managed",
      "type": "aws_s3_bucket",
      "name": "pipeline",
      "provider": "provider[\"registry.terraform.io/hashicorp/aws\"]",
      "instances": [
        {
          "schema_version": 0,
          "attributes": {
            "acceleration_status": "",
            "acl": null,
            "arn": "arn:aws:s3:::rnaseq-pipeline-035932132079",
            "bucket": "rnaseq-pipeline-035932132079",
            "bucket_domain_name": "rnaseq-pipeline-035932132079.s3.amazonaws.com",
            "bucket_prefix": "",
            "bucket_regional_domain_name": "rnaseq-pipeline-035932132079.s3.us-east-1.amazonaws.com",
            "cors_rule": [],
            "force_destroy": false,
            "grant": [
              {
                "id": "576adfa1b453e5f9362748ae3bf6ed0e49ce831348e26ae7d6ea02fc387ec9ff",
                "permissions": [
                  "FULL_CONTROL"
                ],
                "type": "CanonicalUser",
                "uri": ""
              }
            ],
            "hosted_zone_id": "Z3AQBSTGFYJSTF",
            "id": "rnaseq-pipeline-035932132079",
            "lifecycle_rule": [],
            "logging": [],
            "object_lock_configuration": [],
            "object_lock_enabled": false,
            "policy": "",
            "region": "us-east-1",
            "replication_configuration": [],
            "request_payer": "BucketOwner",
            "server_side_encryption_configuration": [
              {
                "rule": [
                  {
                    "apply_server_side_encryption_by_default": [
                      {
                        "kms_master_key_id": "",
                        "sse_algorithm": "AES256"
                      }
                    ],
                    "bucket_key_enabled": false
                  }
                ]
              }
            ],
            "tags": {},
            "tags_all": {},
            "timeouts": null,
            "versioning": [
              {
                "enabled": false,
                "mfa_delete": false
              }
            ],
            "website": [],
            "website_domain": null,
            "website_endpoint": null
          },
          "sensitive_attributes": [],
          "identity_schema_version": 0,
          "private": "eyJlMmJmYjczMC1lY2FhLTExZTYtOGY4OC0zNDM2M2JjN2M0YzAiOnsiY3JlYXRlIjoxMjAwMDAwMDAwMDAwLCJkZWxldGUiOjM2MDAwMDAwMDAwMDAsInJlYWQiOjEyMDAwMDAwMDAwMDAsInVwZGF0ZSI6MTIwMDAwMDAwMDAwMH19",
          "dependencies": [
            "data.aws_caller_identity.current"
          ]
        }
      ]
    },
    {
      "mode": "managed",
      "type": "aws_s3_bucket_public_access_block",
      "name": "pipeline",
      "provider": "provider[\"registry.terraform.io/hashicorp/aws\"]",
      "instances": [
        {
          "schema_version": 0,
          "attributes": {
            "block_public_acls": true,
            "block_public_policy": true,
            "bucket": "rnaseq-pipeline-035932132079",
            "id": "rnaseq-pipeline-035932132079",
            "ignore_public_acls": true,
            "restrict_public_buckets": true
          },
          "sensitive_attributes": [],
          "identity_schema_version": 0,
          "private": "bnVsbA==",
          "dependencies": [
            "aws_s3_bucket.pipeline",
            "data.aws_caller_identity.current"
          ]
        }
      ]
    },
    {
      "mode": "managed",
      "type": "aws_security_group",
      "name": "batch",
      "provider": "provider[\"registry.terraform.io/hashicorp/aws\"]",
      "instances": [
        {
          "schema_version": 1,
          "attributes": {
            "arn": "arn:aws:ec2:us-east-1:035932132079:security-group/sg-077d59d33dc54e0f9",
            "description": "Managed by Terraform",
            "egress": [
              {
                "cidr_blocks": [
                  "0.0.0.0/0"
                ],
                "description": "",
                "from_port": 0,
                "ipv6_cidr_blocks": [],
                "prefix_list_ids": [],
                "protocol": "-1",
                "security_groups": [],
                "self": false,
                "to_port": 0
              }
            ],
            "id": "sg-077d59d33dc54e0f9",
            "ingress": [
              {
                "cidr_blocks": [
                  "0.0.0.0/0"
                ],
                "description": "",
                "from_port": 0,
                "ipv6_cidr_blocks": [],
                "prefix_list_ids": [],
                "protocol": "tcp",
                "security_groups": [],
                "self": false,
                "to_port": 65535
              }
            ],
            "name": "batch-security-group",
            "name_prefix": "",
            "owner_id": "035932132079",
            "revoke_rules_on_delete": false,
            "tags": {},
            "tags_all": {},
            "timeouts": null,
            "vpc_id": "vpc-04211b7944d022145"
          },
          "sensitive_attributes": [],
          "identity_schema_version": 0,
          "private": "eyJlMmJmYjczMC1lY2FhLTExZTYtOGY4OC0zNDM2M2JjN2M0YzAiOnsiY3JlYXRlIjo2MDAwMDAwMDAwMDAsImRlbGV0ZSI6OTAwMDAwMDAwMDAwfSwic2NoZW1hX3ZlcnNpb24iOiIxIn0=",
          "dependencies": [
            "data.aws_vpc.default"
          ]
        }
      ]
    }
  ],
  "check_results": null
}
